// !$*UTF8*$!
{
	archiveVersion = 1;
	classes = {
	};
	objectVersion = 48;
	objects = {

/* Begin PBXBuildFile section */
		BF88F102206E26D700B7C62C /* ListTableViewCell.swift in Sources */ = {isa = PBXBuildFile; fileRef = BF88F101206E26D700B7C62C /* ListTableViewCell.swift */; };
		BF88F104206E325300B7C62C /* Item.swift in Sources */ = {isa = PBXBuildFile; fileRef = BF88F103206E325300B7C62C /* Item.swift */; };
		BFF55031206E210E002B6EAD /* AppDelegate.swift in Sources */ = {isa = PBXBuildFile; fileRef = BFF55030206E210E002B6EAD /* AppDelegate.swift */; };
		BFF55033206E210E002B6EAD /* ListViewController.swift in Sources */ = {isa = PBXBuildFile; fileRef = BFF55032206E210E002B6EAD /* ListViewController.swift */; };
		BFF55036206E210E002B6EAD /* Main.storyboard in Resources */ = {isa = PBXBuildFile; fileRef = BFF55034206E210E002B6EAD /* Main.storyboard */; };
		BFF55038206E210E002B6EAD /* Assets.xcassets in Resources */ = {isa = PBXBuildFile; fileRef = BFF55037206E210E002B6EAD /* Assets.xcassets */; };
		BFF5503B206E210E002B6EAD /* LaunchScreen.storyboard in Resources */ = {isa = PBXBuildFile; fileRef = BFF55039206E210E002B6EAD /* LaunchScreen.storyboard */; };
/* End PBXBuildFile section */

/* Begin PBXFileReference section */
		BF88F101206E26D700B7C62C /* ListTableViewCell.swift */ = {isa = PBXFileReference; lastKnownFileType = sourcecode.swift; path = ListTableViewCell.swift; sourceTree = "<group>"; };
		BF88F103206E325300B7C62C /* Item.swift */ = {isa = PBXFileReference; lastKnownFileType = sourcecode.swift; path = Item.swift; sourceTree = "<group>"; };
		BFF5502D206E210E002B6EAD /* TodoListData.app */ = {isa = PBXFileReference; explicitFileType = wrapper.application; includeInIndex = 0; path = TodoListData.app; sourceTree = BUILT_PRODUCTS_DIR; };
		BFF55030206E210E002B6EAD /* AppDelegate.swift */ = {isa = PBXFileReference; lastKnownFileType = sourcecode.swift; path = AppDelegate.swift; sourceTree = "<group>"; };
		BFF55032206E210E002B6EAD /* ListViewController.swift */ = {isa = PBXFileReference; lastKnownFileType = sourcecode.swift; path = ListViewController.swift; sourceTree = "<group>"; };
		BFF55035206E210E002B6EAD /* Base */ = {isa = PBXFileReference; lastKnownFileType = file.storyboard; name = Base; path = Base.lproj/Main.storyboard; sourceTree = "<group>"; };
		BFF55037206E210E002B6EAD /* Assets.xcassets */ = {isa = PBXFileReference; lastKnownFileType = folder.assetcatalog; path = Assets.xcassets; sourceTree = "<group>"; };
		BFF5503A206E210E002B6EAD /* Base */ = {isa = PBXFileReference; lastKnownFileType = file.storyboard; name = Base; path = Base.lproj/LaunchScreen.storyboard; sourceTree = "<group>"; };
		BFF5503C206E210E002B6EAD /* Info.plist */ = {isa = PBXFileReference; lastKnownFileType = text.plist.xml; path = Info.plist; sourceTree = "<group>"; };
/* End PBXFileReference section */

/* Begin PBXFrameworksBuildPhase section */
		BFF5502A206E210E002B6EAD /* Frameworks */ = {
			isa = PBXFrameworksBuildPhase;
			buildActionMask = 2147483647;
			files = (
			);
			runOnlyForDeploymentPostprocessing = 0;
		};
/* End PBXFrameworksBuildPhase section */

/* Begin PBXGroup section */
		BFF55024206E210E002B6EAD = {
			isa = PBXGroup;
			children = (
				BFF5502F206E210E002B6EAD /* TodoListData */,
				BFF5502E206E210E002B6EAD /* Products */,
			);
			sourceTree = "<group>";
		};
		BFF5502E206E210E002B6EAD /* Products */ = {
			isa = PBXGroup;
			children = (
				BFF5502D206E210E002B6EAD /* TodoListData.app */,
			);
			name = Products;
			sourceTree = "<group>";
		};
		BFF5502F206E210E002B6EAD /* TodoListData */ = {
			isa = PBXGroup;
			children = (
				BFF55030206E210E002B6EAD /* AppDelegate.swift */,
				BFF55032206E210E002B6EAD /* ListViewController.swift */,
				BFF55034206E210E002B6EAD /* Main.storyboard */,
				BFF55037206E210E002B6EAD /* Assets.xcassets */,
				BFF55039206E210E002B6EAD /* LaunchScreen.storyboard */,
				BFF5503C206E210E002B6EAD /* Info.plist */,
				BF88F101206E26D700B7C62C /* ListTableViewCell.swift */,
				BF88F103206E325300B7C62C /* Item.swift */,
			);
			path = TodoListData;
			sourceTree = "<group>";
		};
/* End PBXGroup section */

/* Begin PBXNativeTarget section */
		BFF5502C206E210E002B6EAD /* TodoListData */ = {
			isa = PBXNativeTarget;
			buildConfigurationList = BFF5503F206E210E002B6EAD /* Build configuration list for PBXNativeTarget "TodoListData" */;
			buildPhases = (
				BFF55029206E210E002B6EAD /* Sources */,
				BFF5502A206E210E002B6EAD /* Frameworks */,
				BFF5502B206E210E002B6EAD /* Resources */,
			);
			buildRules = (
			);
			dependencies = (
			);
			name = TodoListData;
			productName = TodoListData;
			productReference = BFF5502D206E210E002B6EAD /* TodoListData.app */;
			productType = "com.apple.product-type.application";
		};
/* End PBXNativeTarget section */

/* Begin PBXProject section */
		BFF55025206E210E002B6EAD /* Project object */ = {
			isa = PBXProject;
			attributes = {
				LastSwiftUpdateCheck = 0900;
				LastUpgradeCheck = 0900;
				ORGANIZATIONNAME = "Paul Gronier";
				TargetAttributes = {
					BFF5502C206E210E002B6EAD = {
						CreatedOnToolsVersion = 9.0;
						ProvisioningStyle = Automatic;
					};
				};
			};
			buildConfigurationList = BFF55028206E210E002B6EAD /* Build configuration list for PBXProject "TodoListData" */;
			compatibilityVersion = "Xcode 8.0";
			developmentRegion = en;
			hasScannedForEncodings = 0;
			knownRegions = (
				en,
				Base,
			);
			mainGroup = BFF55024206E210E002B6EAD;
			productRefGroup = BFF5502E206E210E002B6EAD /* Products */;
			projectDirPath = "";
			projectRoot = "";
			targets = (
				BFF5502C206E210E002B6EAD /* TodoListData */,
			);
		};
/* End PBXProject section */

/* Begin PBXResourcesBuildPhase section */
		BFF5502B206E210E002B6EAD /* Resources */ = {
			isa = PBXResourcesBuildPhase;
			buildActionMask = 2147483647;
			files = (
				BFF5503B206E210E002B6EAD /* LaunchScreen.storyboard in Resources */,
				BFF55038206E210E002B6EAD /* Assets.xcassets in Resources */,
				BFF55036206E210E002B6EAD /* Main.storyboard in Resources */,
			);
			runOnlyForDeploymentPostprocessing = 0;
		};
/* End PBXResourcesBuildPhase section */

/* Begin PBXSourcesBuildPhase section */
		BFF55029206E210E002B6EAD /* Sources */ = {
			isa = PBXSourcesBuildPhase;
			buildActionMask = 2147483647;
			files = (
				BF88F104206E325300B7C62C /* Item.swift in Sources */,
				BFF55033206E210E002B6EAD /* ListViewController.swift in Sources */,
				BFF55031206E210E002B6EAD /* AppDelegate.swift in Sources */,
				BF88F102206E26D700B7C62C /* ListTableViewCell.swift in Sources */,
			);
			runOnlyForDeploymentPostprocessing = 0;
		};
/* End PBXSourcesBuildPhase section */

/* Begin PBXVariantGroup section */
		BFF55034206E210E002B6EAD /* Main.storyboard */ = {
			isa = PBXVariantGroup;
			children = (
				BFF55035206E210E002B6EAD /* Base */,
			);
			name = Main.storyboard;
			sourceTree = "<group>";
		};
		BFF55039206E210E002B6EAD /* LaunchScreen.storyboard */ = {
			isa = PBXVariantGroup;
			children = (
				BFF5503A206E210E002B6EAD /* Base */,
			);
			name = LaunchScreen.storyboard;
			sourceTree = "<group>";
		};
/* End PBXVariantGroup section */

/* Begin XCBuildConfiguration section */
		BFF5503D206E210E002B6EAD /* Debug */ = {
			isa = XCBuildConfiguration;
			buildSettings = {
				ALWAYS_SEARCH_USER_PATHS = NO;
				CLANG_ANALYZER_NONNULL = YES;
				CLANG_ANALYZER_NUMBER_OBJECT_CONVERSION = YES_AGGRESSIVE;
				CLANG_CXX_LANGUAGE_STANDARD = "gnu++14";
				CLANG_CXX_LIBRARY = "libc++";
				CLANG_ENABLE_MODULES = YES;
				CLANG_ENABLE_OBJC_ARC = YES;
				CLANG_WARN_BLOCK_CAPTURE_AUTORELEASING = YES;
				CLANG_WARN_BOOL_CONVERSION = YES;
				CLANG_WARN_COMMA = YES;
				CLANG_WARN_CONSTANT_CONVERSION = YES;
				CLANG_WARN_DIRECT_OBJC_ISA_USAGE = YES_ERROR;
				CLANG_WARN_DOCUMENTATION_COMMENTS = YES;
				CLANG_WARN_EMPTY_BODY = YES;
				CLANG_WARN_ENUM_CONVERSION = YES;
				CLANG_WARN_INFINITE_RECURSION = YES;
				CLANG_WARN_INT_CONVERSION = YES;
				CLANG_WARN_NON_LITERAL_NULL_CONVERSION = YES;
				CLANG_WARN_OBJC_LITERAL_CONVERSION = YES;
				CLANG_WARN_OBJC_ROOT_CLASS = YES_ERROR;
				CLANG_WARN_RANGE_LOOP_ANALYSIS = YES;
				CLANG_WARN_STRICT_PROTOTYPES = YES;
				CLANG_WARN_SUSPICIOUS_MOVE = YES;
				CLANG_WARN_UNGUARDED_AVAILABILITY = YES_AGGRESSIVE;
				CLANG_WARN_UNREACHABLE_CODE = YES;
				CLANG_WARN__DUPLICATE_METHOD_MATCH = YES;
				CODE_SIGN_IDENTITY = "iPhone Developer";
				COPY_PHASE_STRIP = NO;
				DEBUG_INFORMATION_FORMAT = dwarf;
				ENABLE_STRICT_OBJC_MSGSEND = YES;
				ENABLE_TESTABILITY = YES;
				GCC_C_LANGUAGE_STANDARD = gnu11;
				GCC_DYNAMIC_NO_PIC = NO;
				GCC_NO_COMMON_BLOCKS = YES;
				GCC_OPTIMIZATION_LEVEL = 0;
				GCC_PREPROCESSOR_DEFINITIONS = (
					"DEBUG=1",
					"$(inherited)",
				);
				GCC_WARN_64_TO_32_BIT_CONVERSION = YES;
				GCC_WARN_ABOUT_RETURN_TYPE = YES_ERROR;
				GCC_WARN_UNDECLARED_SELECTOR = YES;
				GCC_WARN_UNINITIALIZED_AUTOS = YES_AGGRESSIVE;
				GCC_WARN_UNUSED_FUNCTION = YES;
				GCC_WARN_UNUSED_VARIABLE = YES;
				IPHONEOS_DEPLOYMENT_TARGET = 11.0;
				MTL_ENABLE_DEBUG_INFO = YES;
				ONLY_ACTIVE_ARCH = YES;
				SDKROOT = iphoneos;
				SWIFT_ACTIVE_COMPILATION_CONDITIONS = DEBUG;
				SWIFT_OPTIMIZATION_LEVEL = "-Onone";
			};
			name = Debug;
		};
		BFF5503E206E210E002B6EAD /* Release */ = {
			isa = XCBuildConfiguration;
			buildSettings = {
				ALWAYS_SEARCH_USER_PATHS = NO;
				CLANG_ANALYZER_NONNULL = YES;
				CLANG_ANALYZER_NUMBER_OBJECT_CONVERSION = YES_AGGRESSIVE;
				CLANG_CXX_LANGUAGE_STANDARD = "gnu++14";
				CLANG_CXX_LIBRARY = "libc++";
				CLANG_ENABLE_MODULES = YES;
				CLANG_ENABLE_OBJC_ARC = YES;
				CLANG_WARN_BLOCK_CAPTURE_AUTORELEASING = YES;
				CLANG_WARN_BOOL_CONVERSION = YES;
				CLANG_WARN_COMMA = YES;
				CLANG_WARN_CONSTANT_CONVERSION = YES;
				CLANG_WARN_DIRECT_OBJC_ISA_USAGE = YES_ERROR;
				CLANG_WARN_DOCUMENTATION_COMMENTS = YES;
				CLANG_WARN_EMPTY_BODY = YES;
				CLANG_WARN_ENUM_CONVERSION = YES;
				CLANG_WARN_INFINITE_RECURSION = YES;
				CLANG_WARN_INT_CONVERSION = YES;
				CLANG_WARN_NON_LITERAL_NULL_CONVERSION = YES;
				CLANG_WARN_OBJC_LITERAL_CONVERSION = YES;
				CLANG_WARN_OBJC_ROOT_CLASS = YES_ERROR;
				CLANG_WARN_RANGE_LOOP_ANALYSIS = YES;
				CLANG_WARN_STRICT_PROTOTYPES = YES;
				CLANG_WARN_SUSPICIOUS_MOVE = YES;
				CLANG_WARN_UNGUARDED_AVAILABILITY = YES_AGGRESSIVE;
				CLANG_WARN_UNREACHABLE_CODE = YES;
				CLANG_WARN__DUPLICATE_METHOD_MATCH = YES;
				CODE_SIGN_IDENTITY = "iPhone Developer";
				COPY_PHASE_STRIP = NO;
				DEBUG_INFORMATION_FORMAT = "dwarf-with-dsym";
				ENABLE_NS_ASSERTIONS = NO;
				ENABLE_STRICT_OBJC_MSGSEND = YES;
				GCC_C_LANGUAGE_STANDARD = gnu11;
				GCC_NO_COMMON_BLOCKS = YES;
				GCC_WARN_64_TO_32_BIT_CONVERSION = YES;
				GCC_WARN_ABOUT_RETURN_TYPE = YES_ERROR;
				GCC_WARN_UNDECLARED_SELECTOR = YES;
				GCC_WARN_UNINITIALIZED_AUTOS = YES_AGGRESSIVE;
				GCC_WARN_UNUSED_FUNCTION = YES;
				GCC_WARN_UNUSED_VARIABLE = YES;
				IPHONEOS_DEPLOYMENT_TARGET = 11.0;
				MTL_ENABLE_DEBUG_INFO = NO;
				SDKROOT = iphoneos;
				SWIFT_OPTIMIZATION_LEVEL = "-Owholemodule";
				VALIDATE_PRODUCT = YES;
			};
			name = Release;
		};
		BFF55040206E210E002B6EAD /* Debug */ = {
			isa = XCBuildConfiguration;
			buildSettings = {
				ASSETCATALOG_COMPILER_APPICON_NAME = AppIcon;
				CODE_SIGN_STYLE = Automatic;
				INFOPLIST_FILE = TodoListData/Info.plist;
				LD_RUNPATH_SEARCH_PATHS = "$(inherited) @executable_path/Frameworks";
				PRODUCT_BUNDLE_IDENTIFIER = test.TodoListData;
				PRODUCT_NAME = "$(TARGET_NAME)";
				SWIFT_VERSION = 4.0;
				TARGETED_DEVICE_FAMILY = "1,2";
			};
			name = Debug;
		};
		BFF55041206E210E002B6EAD /* Release */ = {
			isa = XCBuildConfiguration;
			buildSettings = {
				ASSETCATALOG_COMPILER_APPICON_NAME = AppIcon;
				CODE_SIGN_STYLE = Automatic;
				INFOPLIST_FILE = TodoListData/Info.plist;
				LD_RUNPATH_SEARCH_PATHS = "$(inherited) @executable_path/Frameworks";
				PRODUCT_BUNDLE_IDENTIFIER = test.TodoListData;
				PRODUCT_NAME = "$(TARGET_NAME)";
				SWIFT_VERSION = 4.0;
				TARGETED_DEVICE_FAMILY = "1,2";
			};
			name = Release;
		};
/* End XCBuildConfiguration section */

/* Begin XCConfigurationList section */
		BFF55028206E210E002B6EAD /* Build configuration list for PBXProject "TodoListData" */ = {
			isa = XCConfigurationList;
			buildConfigurations = (
				BFF5503D206E210E002B6EAD /* Debug */,
				BFF5503E206E210E002B6EAD /* Release */,
			);
			defaultConfigurationIsVisible = 0;
			defaultConfigurationName = Release;
		};
		BFF5503F206E210E002B6EAD /* Build configuration list for PBXNativeTarget "TodoListData" */ = {
			isa = XCConfigurationList;
			buildConfigurations = (
				BFF55040206E210E002B6EAD /* Debug */,
				BFF55041206E210E002B6EAD /* Release */,
			);
			defaultConfigurationIsVisible = 0;
			defaultConfigurationName = Release;
		};
/* End XCConfigurationList section */
	};
	rootObject = BFF55025206E210E002B6EAD /* Project object */;
}
